
Microsoft Visual Studio Solution File, Format Version 12.00
# Visual Studio 14
VisualStudioVersion = 14.0.25420.1
MinimumVisualStudioVersion = 10.0.40219.1
Project("{FAE04EC0-301F-11D3-BF4B-00C04F79EFBC}") = "MainProject", "MainProject\MainProject.csproj", "{4870E442-B269-43C9-8F9E-BEFD94A607BE}"
EndProject
Global
	GlobalSection(SolutionConfigurationPlatforms) = preSolution
		Debug|Any CPU = Debug|Any CPU
		Release|Any CPU = Release|Any CPU
	EndGlobalSection
	GlobalSection(ProjectConfigurationPlatforms) = postSolution
		{4870E442-B269-43C9-8F9E-BEFD94A607BE}.Debug|Any CPU.ActiveCfg = Debug|Any CPU
		{4870E442-B269-43C9-8F9E-BEFD94A607BE}.Debug|Any CPU.Build.0 = Debug|Any CPU
		{4870E442-B269-43C9-8F9E-BEFD94A607BE}.Release|Any CPU.ActiveCfg = Release|Any CPU
		{4870E442-B269-43C9-8F9E-BEFD94A607BE}.Release|Any CPU.Build.0 = Release|Any CPU
	EndGlobalSection
	GlobalSection(SolutionProperties) = preSolution
		HideSolutionNode = FALSE
	EndGlobalSection
	GlobalSection(ExtensibilityGlobals) = postSolution
		SolutionGuid = {A1331EBD-6E79-4615-9407-AAEA236D2A03}
	EndGlobalSection
EndGlobal
